PODS:
  - AFNetworking (2.6.3):
    - AFNetworking/NSURLConnection (= 2.6.3)
    - AFNetworking/NSURLSession (= 2.6.3)
    - AFNetworking/Reachability (= 2.6.3)
    - AFNetworking/Security (= 2.6.3)
    - AFNetworking/Serialization (= 2.6.3)
    - AFNetworking/UIKit (= 2.6.3)
  - AFNetworking/NSURLConnection (2.6.3):
    - AFNetworking/Reachability
    - AFNetworking/Security
    - AFNetworking/Serialization
  - AFNetworking/NSURLSession (2.6.3):
    - AFNetworking/Reachability
    - AFNetworking/Security
    - AFNetworking/Serialization
  - AFNetworking/Reachability (2.6.3)
  - AFNetworking/Security (2.6.3)
  - AFNetworking/Serialization (2.6.3)
  - AFNetworking/UIKit (2.6.3):
    - AFNetworking/NSURLConnection
    - AFNetworking/NSURLSession
  - Alamofire (3.4.1)
  - AlamofireImage (2.4.0):
    - Alamofire (~> 3.3)
  - ChameleonFramework/Default (2.1.0)
  - ChameleonFramework/Swift (2.1.0):
    - ChameleonFramework/Default
  - CocoaAsyncSocket (7.4.3):
    - CocoaAsyncSocket/All (= 7.4.3)
  - CocoaAsyncSocket/All (7.4.3):
    - CocoaAsyncSocket/GCD
    - CocoaAsyncSocket/RunLoop
  - CocoaAsyncSocket/GCD (7.4.3)
  - CocoaAsyncSocket/RunLoop (7.4.3)
  - CocoaLumberjack (2.3.0):
    - CocoaLumberjack/Default (= 2.3.0)
    - CocoaLumberjack/Extensions (= 2.3.0)
  - CocoaLumberjack/Core (2.3.0)
  - CocoaLumberjack/Default (2.3.0):
    - CocoaLumberjack/Core
  - CocoaLumberjack/Extensions (2.3.0):
    - CocoaLumberjack/Default
  - CocoaLumberjack/Swift (2.3.0):
    - CocoaLumberjack/Extensions
  - HappyDNS (0.3.5)
  - MBProgressHUD (0.9.2)
  - MMXXMPPFramework (3.6.15):
    - MMXXMPPFramework/Core (= 3.6.15)
    - MMXXMPPFramework/CoreDataStorage (= 3.6.15)
    - MMXXMPPFramework/Reconnect (= 3.6.15)
    - MMXXMPPFramework/Roster (= 3.6.15)
    - MMXXMPPFramework/XEP-0016 (= 3.6.15)
    - MMXXMPPFramework/XEP-0060 (= 3.6.15)
    - MMXXMPPFramework/XEP-0082 (= 3.6.15)
    - MMXXMPPFramework/XEP-0106 (= 3.6.15)
    - MMXXMPPFramework/XEP-0203 (= 3.6.15)
  - MMXXMPPFramework/Core (3.6.15):
    - CocoaAsyncSocket (~> 7.4.1)
    - CocoaLumberjack (~> 2.2)
  - MMXXMPPFramework/CoreDataStorage (3.6.15):
    - MMXXMPPFramework/Core
  - MMXXMPPFramework/Reconnect (3.6.15):
    - MMXXMPPFramework/Core
  - MMXXMPPFramework/Roster (3.6.15):
    - MMXXMPPFramework/Core
    - MMXXMPPFramework/CoreDataStorage
    - MMXXMPPFramework/XEP-0203
  - MMXXMPPFramework/XEP-0016 (3.6.15):
    - MMXXMPPFramework/Core
  - MMXXMPPFramework/XEP-0060 (3.6.15):
    - MMXXMPPFramework/Core
  - MMXXMPPFramework/XEP-0082 (3.6.15):
    - MMXXMPPFramework/Core
  - MMXXMPPFramework/XEP-0106 (3.6.15):
    - MMXXMPPFramework/Core
  - MMXXMPPFramework/XEP-0203 (3.6.15):
    - MMXXMPPFramework/Core
    - MMXXMPPFramework/XEP-0082
  - Qiniu (7.0.20):
    - AFNetworking (~> 2.0)
    - HappyDNS (~> 0.3)
  - SnapKit (0.21.0)
  - SQLite.swift (0.10.1)
  - SwiftyJSON (2.3.2)

DEPENDENCIES:
  - Alamofire
  - AlamofireImage
  - ChameleonFramework/Swift
  - CocoaAsyncSocket
  - CocoaLumberjack/Swift
  - MBProgressHUD
  - MMXXMPPFramework
  - Qiniu
  - SnapKit
  - SQLite.swift
  - SwiftyJSON

SPEC CHECKSUMS:
  AFNetworking: cb8d14a848e831097108418f5d49217339d4eb60
  Alamofire: 01a82e2f6c0f860ade35534c8dd88be61bdef40c
  AlamofireImage: 87408b652e0f5ae5fe364035f15aea8b9b24c77e
  ChameleonFramework: d21a3cc247abfe5e37609a283a8238b03575cf64
  CocoaAsyncSocket: a18c75dca4b08723628a0bacca6e94803d90be91
  CocoaLumberjack: 97fab7ee5f507fe54445cca7ea80f926729cfd15
  HappyDNS: 6f8cf46fa7c0b98a6591fe8ecb2e08d9907a6e8b
  MBProgressHUD: 1569cf7ace17a8bac47aabfbb8580a49690386d1
  MMXXMPPFramework: 12ac458346387dc8a3fb157dc56db65e13be5a9b
  Qiniu: 8958e70c02fb563c8c04d555bb5041441c5f4216
  SnapKit: 2756fe24b706367af224c9c508d2f9166d03354c
  SQLite.swift: 6a6e4b034efc317ce4e203b6af2d3024fee2b570
  SwiftyJSON: 04ccea08915aa0109039157c7974cf0298da292a

PODFILE CHECKSUM: e488f5c2426a60f03db4a673530a56318121908d

COCOAPODS: 1.0.1
