// !$*UTF8*$!
{
	archiveVersion = 1;
	classes = {
	};
	objectVersion = 46;
	objects = {

/* Begin PBXBuildFile section */
		1D515180D8AC6F3866180271 /* Pods_CWWeChatUITests.framework in Frameworks */ = {isa = PBXBuildFile; fileRef = 3F1BE500AB700B1551027606 /* Pods_CWWeChatUITests.framework */; };
		1F34917E1E8786EE00B36641 /* AppDelegate.swift in Sources */ = {isa = PBXBuildFile; fileRef = 1F34917D1E8786EE00B36641 /* AppDelegate.swift */; };
		1F3491801E8786EE00B36641 /* ViewController.swift in Sources */ = {isa = PBXBuildFile; fileRef = 1F34917F1E8786EE00B36641 /* ViewController.swift */; };
		1F3491831E8786EE00B36641 /* Main.storyboard in Resources */ = {isa = PBXBuildFile; fileRef = 1F3491811E8786EE00B36641 /* Main.storyboard */; };
		1F3491851E8786EE00B36641 /* Assets.xcassets in Resources */ = {isa = PBXBuildFile; fileRef = 1F3491841E8786EE00B36641 /* Assets.xcassets */; };
		1F3491881E8786EE00B36641 /* LaunchScreen.storyboard in Resources */ = {isa = PBXBuildFile; fileRef = 1F3491861E8786EE00B36641 /* LaunchScreen.storyboard */; };
		1F3491931E8786EE00B36641 /* CWWeChatTests.swift in Sources */ = {isa = PBXBuildFile; fileRef = 1F3491921E8786EE00B36641 /* CWWeChatTests.swift */; };
		1F34919E1E8786EE00B36641 /* CWWeChatUITests.swift in Sources */ = {isa = PBXBuildFile; fileRef = 1F34919D1E8786EE00B36641 /* CWWeChatUITests.swift */; };
		4E3C0C0A9AC7AC251E75415B /* Pods_CWWeChatTests.framework in Frameworks */ = {isa = PBXBuildFile; fileRef = 392080DF2A871FED246A48AD /* Pods_CWWeChatTests.framework */; };
		732B7F111A2AF06C5FB003A1 /* Pods_CWWeChat.framework in Frameworks */ = {isa = PBXBuildFile; fileRef = 2D5C5938ABFC0D0537A59353 /* Pods_CWWeChat.framework */; };
/* End PBXBuildFile section */

/* Begin PBXContainerItemProxy section */
		1F34918F1E8786EE00B36641 /* PBXContainerItemProxy */ = {
			isa = PBXContainerItemProxy;
			containerPortal = 1F3491721E8786EE00B36641 /* Project object */;
			proxyType = 1;
			remoteGlobalIDString = 1F3491791E8786EE00B36641;
			remoteInfo = CWWeChat;
		};
		1F34919A1E8786EE00B36641 /* PBXContainerItemProxy */ = {
			isa = PBXContainerItemProxy;
			containerPortal = 1F3491721E8786EE00B36641 /* Project object */;
			proxyType = 1;
			remoteGlobalIDString = 1F3491791E8786EE00B36641;
			remoteInfo = CWWeChat;
		};
/* End PBXContainerItemProxy section */

/* Begin PBXFileReference section */
		0ADC30857AA65FF9094308F5 /* Pods-CWWeChatUITests.debug.xcconfig */ = {isa = PBXFileReference; includeInIndex = 1; lastKnownFileType = text.xcconfig; name = "Pods-CWWeChatUITests.debug.xcconfig"; path = "Pods/Target Support Files/Pods-CWWeChatUITests/Pods-CWWeChatUITests.debug.xcconfig"; sourceTree = "<group>"; };
		10D400760F3B03FF64C20CD7 /* Pods-CWWeChatTests.debug.xcconfig */ = {isa = PBXFileReference; includeInIndex = 1; lastKnownFileType = text.xcconfig; name = "Pods-CWWeChatTests.debug.xcconfig"; path = "Pods/Target Support Files/Pods-CWWeChatTests/Pods-CWWeChatTests.debug.xcconfig"; sourceTree = "<group>"; };
		1F34917A1E8786EE00B36641 /* CWWeChat.app */ = {isa = PBXFileReference; explicitFileType = wrapper.application; includeInIndex = 0; path = CWWeChat.app; sourceTree = BUILT_PRODUCTS_DIR; };
		1F34917D1E8786EE00B36641 /* AppDelegate.swift */ = {isa = PBXFileReference; lastKnownFileType = sourcecode.swift; path = AppDelegate.swift; sourceTree = "<group>"; };
		1F34917F1E8786EE00B36641 /* ViewController.swift */ = {isa = PBXFileReference; lastKnownFileType = sourcecode.swift; path = ViewController.swift; sourceTree = "<group>"; };
		1F3491821E8786EE00B36641 /* Base */ = {isa = PBXFileReference; lastKnownFileType = file.storyboard; name = Base; path = Base.lproj/Main.storyboard; sourceTree = "<group>"; };
		1F3491841E8786EE00B36641 /* Assets.xcassets */ = {isa = PBXFileReference; lastKnownFileType = folder.assetcatalog; path = Assets.xcassets; sourceTree = "<group>"; };
		1F3491871E8786EE00B36641 /* Base */ = {isa = PBXFileReference; lastKnownFileType = file.storyboard; name = Base; path = Base.lproj/LaunchScreen.storyboard; sourceTree = "<group>"; };
		1F3491891E8786EE00B36641 /* Info.plist */ = {isa = PBXFileReference; lastKnownFileType = text.plist.xml; path = Info.plist; sourceTree = "<group>"; };
		1F34918E1E8786EE00B36641 /* CWWeChatTests.xctest */ = {isa = PBXFileReference; explicitFileType = wrapper.cfbundle; includeInIndex = 0; path = CWWeChatTests.xctest; sourceTree = BUILT_PRODUCTS_DIR; };
		1F3491921E8786EE00B36641 /* CWWeChatTests.swift */ = {isa = PBXFileReference; lastKnownFileType = sourcecode.swift; path = CWWeChatTests.swift; sourceTree = "<group>"; };
		1F3491941E8786EE00B36641 /* Info.plist */ = {isa = PBXFileReference; lastKnownFileType = text.plist.xml; path = Info.plist; sourceTree = "<group>"; };
		1F3491991E8786EE00B36641 /* CWWeChatUITests.xctest */ = {isa = PBXFileReference; explicitFileType = wrapper.cfbundle; includeInIndex = 0; path = CWWeChatUITests.xctest; sourceTree = BUILT_PRODUCTS_DIR; };
		1F34919D1E8786EE00B36641 /* CWWeChatUITests.swift */ = {isa = PBXFileReference; lastKnownFileType = sourcecode.swift; path = CWWeChatUITests.swift; sourceTree = "<group>"; };
		1F34919F1E8786EE00B36641 /* Info.plist */ = {isa = PBXFileReference; lastKnownFileType = text.plist.xml; path = Info.plist; sourceTree = "<group>"; };
		2D5C5938ABFC0D0537A59353 /* Pods_CWWeChat.framework */ = {isa = PBXFileReference; explicitFileType = wrapper.framework; includeInIndex = 0; path = Pods_CWWeChat.framework; sourceTree = BUILT_PRODUCTS_DIR; };
		31E51D349FC87AA2896572C6 /* Pods-CWWeChat.release.xcconfig */ = {isa = PBXFileReference; includeInIndex = 1; lastKnownFileType = text.xcconfig; name = "Pods-CWWeChat.release.xcconfig"; path = "Pods/Target Support Files/Pods-CWWeChat/Pods-CWWeChat.release.xcconfig"; sourceTree = "<group>"; };
		392080DF2A871FED246A48AD /* Pods_CWWeChatTests.framework */ = {isa = PBXFileReference; explicitFileType = wrapper.framework; includeInIndex = 0; path = Pods_CWWeChatTests.framework; sourceTree = BUILT_PRODUCTS_DIR; };
		3F1BE500AB700B1551027606 /* Pods_CWWeChatUITests.framework */ = {isa = PBXFileReference; explicitFileType = wrapper.framework; includeInIndex = 0; path = Pods_CWWeChatUITests.framework; sourceTree = BUILT_PRODUCTS_DIR; };
		60C33E8BDAA53BEF72AC658D /* Pods-CWWeChatUITests.release.xcconfig */ = {isa = PBXFileReference; includeInIndex = 1; lastKnownFileType = text.xcconfig; name = "Pods-CWWeChatUITests.release.xcconfig"; path = "Pods/Target Support Files/Pods-CWWeChatUITests/Pods-CWWeChatUITests.release.xcconfig"; sourceTree = "<group>"; };
		CC9054EAE42E392A75546C97 /* Pods-CWWeChat.debug.xcconfig */ = {isa = PBXFileReference; includeInIndex = 1; lastKnownFileType = text.xcconfig; name = "Pods-CWWeChat.debug.xcconfig"; path = "Pods/Target Support Files/Pods-CWWeChat/Pods-CWWeChat.debug.xcconfig"; sourceTree = "<group>"; };
		E4A293988EBEF7146C1E79EF /* Pods-CWWeChatTests.release.xcconfig */ = {isa = PBXFileReference; includeInIndex = 1; lastKnownFileType = text.xcconfig; name = "Pods-CWWeChatTests.release.xcconfig"; path = "Pods/Target Support Files/Pods-CWWeChatTests/Pods-CWWeChatTests.release.xcconfig"; sourceTree = "<group>"; };
/* End PBXFileReference section */

/* Begin PBXFrameworksBuildPhase section */
		1F3491771E8786EE00B36641 /* Frameworks */ = {
			isa = PBXFrameworksBuildPhase;
			buildActionMask = 2147483647;
			files = (
				732B7F111A2AF06C5FB003A1 /* Pods_CWWeChat.framework in Frameworks */,
			);
			runOnlyForDeploymentPostprocessing = 0;
		};
		1F34918B1E8786EE00B36641 /* Frameworks */ = {
			isa = PBXFrameworksBuildPhase;
			buildActionMask = 2147483647;
			files = (
				4E3C0C0A9AC7AC251E75415B /* Pods_CWWeChatTests.framework in Frameworks */,
			);
			runOnlyForDeploymentPostprocessing = 0;
		};
		1F3491961E8786EE00B36641 /* Frameworks */ = {
			isa = PBXFrameworksBuildPhase;
			buildActionMask = 2147483647;
			files = (
				1D515180D8AC6F3866180271 /* Pods_CWWeChatUITests.framework in Frameworks */,
			);
			runOnlyForDeploymentPostprocessing = 0;
		};
/* End PBXFrameworksBuildPhase section */

/* Begin PBXGroup section */
		10A807B59A8B6BCD0AB19B37 /* Pods */ = {
			isa = PBXGroup;
			children = (
				CC9054EAE42E392A75546C97 /* Pods-CWWeChat.debug.xcconfig */,
				31E51D349FC87AA2896572C6 /* Pods-CWWeChat.release.xcconfig */,
				10D400760F3B03FF64C20CD7 /* Pods-CWWeChatTests.debug.xcconfig */,
				E4A293988EBEF7146C1E79EF /* Pods-CWWeChatTests.release.xcconfig */,
				0ADC30857AA65FF9094308F5 /* Pods-CWWeChatUITests.debug.xcconfig */,
				60C33E8BDAA53BEF72AC658D /* Pods-CWWeChatUITests.release.xcconfig */,
			);
			name = Pods;
			sourceTree = "<group>";
		};
		1F3491711E8786EE00B36641 = {
			isa = PBXGroup;
			children = (
				1F34917C1E8786EE00B36641 /* CWWeChat */,
				1F3491911E8786EE00B36641 /* CWWeChatTests */,
				1F34919C1E8786EE00B36641 /* CWWeChatUITests */,
				1F34917B1E8786EE00B36641 /* Products */,
				10A807B59A8B6BCD0AB19B37 /* Pods */,
				FD435830FB8A0BDDBF411282 /* Frameworks */,
			);
			sourceTree = "<group>";
		};
		1F34917B1E8786EE00B36641 /* Products */ = {
			isa = PBXGroup;
			children = (
				1F34917A1E8786EE00B36641 /* CWWeChat.app */,
				1F34918E1E8786EE00B36641 /* CWWeChatTests.xctest */,
				1F3491991E8786EE00B36641 /* CWWeChatUITests.xctest */,
			);
			name = Products;
			sourceTree = "<group>";
		};
		1F34917C1E8786EE00B36641 /* CWWeChat */ = {
			isa = PBXGroup;
			children = (
				1F34917D1E8786EE00B36641 /* AppDelegate.swift */,
				1F34917F1E8786EE00B36641 /* ViewController.swift */,
				1F3491811E8786EE00B36641 /* Main.storyboard */,
				1F3491841E8786EE00B36641 /* Assets.xcassets */,
				1F3491861E8786EE00B36641 /* LaunchScreen.storyboard */,
				1F3491891E8786EE00B36641 /* Info.plist */,
			);
			path = CWWeChat;
			sourceTree = "<group>";
		};
		1F3491911E8786EE00B36641 /* CWWeChatTests */ = {
			isa = PBXGroup;
			children = (
				1F3491921E8786EE00B36641 /* CWWeChatTests.swift */,
				1F3491941E8786EE00B36641 /* Info.plist */,
			);
			path = CWWeChatTests;
			sourceTree = "<group>";
		};
		1F34919C1E8786EE00B36641 /* CWWeChatUITests */ = {
			isa = PBXGroup;
			children = (
				1F34919D1E8786EE00B36641 /* CWWeChatUITests.swift */,
				1F34919F1E8786EE00B36641 /* Info.plist */,
			);
			path = CWWeChatUITests;
			sourceTree = "<group>";
		};
		FD435830FB8A0BDDBF411282 /* Frameworks */ = {
			isa = PBXGroup;
			children = (
				2D5C5938ABFC0D0537A59353 /* Pods_CWWeChat.framework */,
				392080DF2A871FED246A48AD /* Pods_CWWeChatTests.framework */,
				3F1BE500AB700B1551027606 /* Pods_CWWeChatUITests.framework */,
			);
			name = Frameworks;
			sourceTree = "<group>";
		};
/* End PBXGroup section */

/* Begin PBXNativeTarget section */
		1F3491791E8786EE00B36641 /* CWWeChat */ = {
			isa = PBXNativeTarget;
			buildConfigurationList = 1F3491A21E8786EE00B36641 /* Build configuration list for PBXNativeTarget "CWWeChat" */;
			buildPhases = (
				76A35508750465633C8F6ED3 /* [CP] Check Pods Manifest.lock */,
				1F3491761E8786EE00B36641 /* Sources */,
				1F3491771E8786EE00B36641 /* Frameworks */,
				1F3491781E8786EE00B36641 /* Resources */,
				1D640594C54B864FCD6EDA71 /* [CP] Embed Pods Frameworks */,
				EDBF6044B81957A6E50478CA /* [CP] Copy Pods Resources */,
			);
			buildRules = (
			);
			dependencies = (
			);
			name = CWWeChat;
			productName = CWWeChat;
			productReference = 1F34917A1E8786EE00B36641 /* CWWeChat.app */;
			productType = "com.apple.product-type.application";
		};
		1F34918D1E8786EE00B36641 /* CWWeChatTests */ = {
			isa = PBXNativeTarget;
			buildConfigurationList = 1F3491A51E8786EE00B36641 /* Build configuration list for PBXNativeTarget "CWWeChatTests" */;
			buildPhases = (
				540AB1D8B651E6B690C66E52 /* [CP] Check Pods Manifest.lock */,
				1F34918A1E8786EE00B36641 /* Sources */,
				1F34918B1E8786EE00B36641 /* Frameworks */,
				1F34918C1E8786EE00B36641 /* Resources */,
				D84C54F97BA26BE6779E0E84 /* [CP] Embed Pods Frameworks */,
				DBBEA13132332568EC8745F8 /* [CP] Copy Pods Resources */,
			);
			buildRules = (
			);
			dependencies = (
				1F3491901E8786EE00B36641 /* PBXTargetDependency */,
			);
			name = CWWeChatTests;
			productName = CWWeChatTests;
			productReference = 1F34918E1E8786EE00B36641 /* CWWeChatTests.xctest */;
			productType = "com.apple.product-type.bundle.unit-test";
		};
		1F3491981E8786EE00B36641 /* CWWeChatUITests */ = {
			isa = PBXNativeTarget;
			buildConfigurationList = 1F3491A81E8786EE00B36641 /* Build configuration list for PBXNativeTarget "CWWeChatUITests" */;
			buildPhases = (
				426976091218447CDAB41CC8 /* [CP] Check Pods Manifest.lock */,
				1F3491951E8786EE00B36641 /* Sources */,
				1F3491961E8786EE00B36641 /* Frameworks */,
				1F3491971E8786EE00B36641 /* Resources */,
				5AC853861BAFB1670A9BF112 /* [CP] Embed Pods Frameworks */,
				CF50B28CF6E53B5F6C20A26B /* [CP] Copy Pods Resources */,
			);
			buildRules = (
			);
			dependencies = (
				1F34919B1E8786EE00B36641 /* PBXTargetDependency */,
			);
			name = CWWeChatUITests;
			productName = CWWeChatUITests;
			productReference = 1F3491991E8786EE00B36641 /* CWWeChatUITests.xctest */;
			productType = "com.apple.product-type.bundle.ui-testing";
		};
/* End PBXNativeTarget section */

/* Begin PBXProject section */
		1F3491721E8786EE00B36641 /* Project object */ = {
			isa = PBXProject;
			attributes = {
				LastSwiftUpdateCheck = 0820;
				LastUpgradeCheck = 0820;
				ORGANIZATIONNAME = cwcoder;
				TargetAttributes = {
					1F3491791E8786EE00B36641 = {
						CreatedOnToolsVersion = 8.2.1;
						ProvisioningStyle = Automatic;
					};
					1F34918D1E8786EE00B36641 = {
						CreatedOnToolsVersion = 8.2.1;
						ProvisioningStyle = Automatic;
						TestTargetID = 1F3491791E8786EE00B36641;
					};
					1F3491981E8786EE00B36641 = {
						CreatedOnToolsVersion = 8.2.1;
						ProvisioningStyle = Automatic;
						TestTargetID = 1F3491791E8786EE00B36641;
					};
				};
			};
			buildConfigurationList = 1F3491751E8786EE00B36641 /* Build configuration list for PBXProject "CWWeChat" */;
			compatibilityVersion = "Xcode 3.2";
			developmentRegion = English;
			hasScannedForEncodings = 0;
			knownRegions = (
				en,
				Base,
			);
			mainGroup = 1F3491711E8786EE00B36641;
			productRefGroup = 1F34917B1E8786EE00B36641 /* Products */;
			projectDirPath = "";
			projectRoot = "";
			targets = (
				1F3491791E8786EE00B36641 /* CWWeChat */,
				1F34918D1E8786EE00B36641 /* CWWeChatTests */,
				1F3491981E8786EE00B36641 /* CWWeChatUITests */,
			);
		};
/* End PBXProject section */

/* Begin PBXResourcesBuildPhase section */
		1F3491781E8786EE00B36641 /* Resources */ = {
			isa = PBXResourcesBuildPhase;
			buildActionMask = 2147483647;
			files = (
				1F3491881E8786EE00B36641 /* LaunchScreen.storyboard in Resources */,
				1F3491851E8786EE00B36641 /* Assets.xcassets in Resources */,
				1F3491831E8786EE00B36641 /* Main.storyboard in Resources */,
			);
			runOnlyForDeploymentPostprocessing = 0;
		};
		1F34918C1E8786EE00B36641 /* Resources */ = {
			isa = PBXResourcesBuildPhase;
			buildActionMask = 2147483647;
			files = (
			);
			runOnlyForDeploymentPostprocessing = 0;
		};
		1F3491971E8786EE00B36641 /* Resources */ = {
			isa = PBXResourcesBuildPhase;
			buildActionMask = 2147483647;
			files = (
			);
			runOnlyForDeploymentPostprocessing = 0;
		};
/* End PBXResourcesBuildPhase section */

/* Begin PBXShellScriptBuildPhase section */
		1D640594C54B864FCD6EDA71 /* [CP] Embed Pods Frameworks */ = {
			isa = PBXShellScriptBuildPhase;
			buildActionMask = 2147483647;
			files = (
			);
			inputPaths = (
			);
			name = "[CP] Embed Pods Frameworks";
			outputPaths = (
			);
			runOnlyForDeploymentPostprocessing = 0;
			shellPath = /bin/sh;
			shellScript = "\"${SRCROOT}/Pods/Target Support Files/Pods-CWWeChat/Pods-CWWeChat-frameworks.sh\"\n";
			showEnvVarsInLog = 0;
		};
		426976091218447CDAB41CC8 /* [CP] Check Pods Manifest.lock */ = {
			isa = PBXShellScriptBuildPhase;
			buildActionMask = 2147483647;
			files = (
			);
			inputPaths = (
			);
			name = "[CP] Check Pods Manifest.lock";
			outputPaths = (
			);
			runOnlyForDeploymentPostprocessing = 0;
			shellPath = /bin/sh;
			shellScript = "diff \"${PODS_ROOT}/../Podfile.lock\" \"${PODS_ROOT}/Manifest.lock\" > /dev/null\nif [ $? != 0 ] ; then\n    # print error to STDERR\n    echo \"error: The sandbox is not in sync with the Podfile.lock. Run 'pod install' or update your CocoaPods installation.\" >&2\n    exit 1\nfi\n";
			showEnvVarsInLog = 0;
		};
		540AB1D8B651E6B690C66E52 /* [CP] Check Pods Manifest.lock */ = {
			isa = PBXShellScriptBuildPhase;
			buildActionMask = 2147483647;
			files = (
			);
			inputPaths = (
			);
			name = "[CP] Check Pods Manifest.lock";
			outputPaths = (
			);
			runOnlyForDeploymentPostprocessing = 0;
			shellPath = /bin/sh;
			shellScript = "diff \"${PODS_ROOT}/../Podfile.lock\" \"${PODS_ROOT}/Manifest.lock\" > /dev/null\nif [ $? != 0 ] ; then\n    # print error to STDERR\n    echo \"error: The sandbox is not in sync with the Podfile.lock. Run 'pod install' or update your CocoaPods installation.\" >&2\n    exit 1\nfi\n";
			showEnvVarsInLog = 0;
		};
		5AC853861BAFB1670A9BF112 /* [CP] Embed Pods Frameworks */ = {
			isa = PBXShellScriptBuildPhase;
			buildActionMask = 2147483647;
			files = (
			);
			inputPaths = (
			);
			name = "[CP] Embed Pods Frameworks";
			outputPaths = (
			);
			runOnlyForDeploymentPostprocessing = 0;
			shellPath = /bin/sh;
			shellScript = "\"${SRCROOT}/Pods/Target Support Files/Pods-CWWeChatUITests/Pods-CWWeChatUITests-frameworks.sh\"\n";
			showEnvVarsInLog = 0;
		};
		76A35508750465633C8F6ED3 /* [CP] Check Pods Manifest.lock */ = {
			isa = PBXShellScriptBuildPhase;
			buildActionMask = 2147483647;
			files = (
			);
			inputPaths = (
			);
			name = "[CP] Check Pods Manifest.lock";
			outputPaths = (
			);
			runOnlyForDeploymentPostprocessing = 0;
			shellPath = /bin/sh;
			shellScript = "diff \"${PODS_ROOT}/../Podfile.lock\" \"${PODS_ROOT}/Manifest.lock\" > /dev/null\nif [ $? != 0 ] ; then\n    # print error to STDERR\n    echo \"error: The sandbox is not in sync with the Podfile.lock. Run 'pod install' or update your CocoaPods installation.\" >&2\n    exit 1\nfi\n";
			showEnvVarsInLog = 0;
		};
		CF50B28CF6E53B5F6C20A26B /* [CP] Copy Pods Resources */ = {
			isa = PBXShellScriptBuildPhase;
			buildActionMask = 2147483647;
			files = (
			);
			inputPaths = (
			);
			name = "[CP] Copy Pods Resources";
			outputPaths = (
			);
			runOnlyForDeploymentPostprocessing = 0;
			shellPath = /bin/sh;
			shellScript = "\"${SRCROOT}/Pods/Target Support Files/Pods-CWWeChatUITests/Pods-CWWeChatUITests-resources.sh\"\n";
			showEnvVarsInLog = 0;
		};
		D84C54F97BA26BE6779E0E84 /* [CP] Embed Pods Frameworks */ = {
			isa = PBXShellScriptBuildPhase;
			buildActionMask = 2147483647;
			files = (
			);
			inputPaths = (
			);
			name = "[CP] Embed Pods Frameworks";
			outputPaths = (
			);
			runOnlyForDeploymentPostprocessing = 0;
			shellPath = /bin/sh;
			shellScript = "\"${SRCROOT}/Pods/Target Support Files/Pods-CWWeChatTests/Pods-CWWeChatTests-frameworks.sh\"\n";
			showEnvVarsInLog = 0;
		};
		DBBEA13132332568EC8745F8 /* [CP] Copy Pods Resources */ = {
			isa = PBXShellScriptBuildPhase;
			buildActionMask = 2147483647;
			files = (
			);
			inputPaths = (
			);
			name = "[CP] Copy Pods Resources";
			outputPaths = (
			);
			runOnlyForDeploymentPostprocessing = 0;
			shellPath = /bin/sh;
			shellScript = "\"${SRCROOT}/Pods/Target Support Files/Pods-CWWeChatTests/Pods-CWWeChatTests-resources.sh\"\n";
			showEnvVarsInLog = 0;
		};
		EDBF6044B81957A6E50478CA /* [CP] Copy Pods Resources */ = {
			isa = PBXShellScriptBuildPhase;
			buildActionMask = 2147483647;
			files = (
			);
			inputPaths = (
			);
			name = "[CP] Copy Pods Resources";
			outputPaths = (
			);
			runOnlyForDeploymentPostprocessing = 0;
			shellPath = /bin/sh;
			shellScript = "\"${SRCROOT}/Pods/Target Support Files/Pods-CWWeChat/Pods-CWWeChat-resources.sh\"\n";
			showEnvVarsInLog = 0;
		};
/* End PBXShellScriptBuildPhase section */

/* Begin PBXSourcesBuildPhase section */
		1F3491761E8786EE00B36641 /* Sources */ = {
			isa = PBXSourcesBuildPhase;
			buildActionMask = 2147483647;
			files = (
				1F3491801E8786EE00B36641 /* ViewController.swift in Sources */,
				1F34917E1E8786EE00B36641 /* AppDelegate.swift in Sources */,
			);
			runOnlyForDeploymentPostprocessing = 0;
		};
		1F34918A1E8786EE00B36641 /* Sources */ = {
			isa = PBXSourcesBuildPhase;
			buildActionMask = 2147483647;
			files = (
				1F3491931E8786EE00B36641 /* CWWeChatTests.swift in Sources */,
			);
			runOnlyForDeploymentPostprocessing = 0;
		};
		1F3491951E8786EE00B36641 /* Sources */ = {
			isa = PBXSourcesBuildPhase;
			buildActionMask = 2147483647;
			files = (
				1F34919E1E8786EE00B36641 /* CWWeChatUITests.swift in Sources */,
			);
			runOnlyForDeploymentPostprocessing = 0;
		};
/* End PBXSourcesBuildPhase section */

/* Begin PBXTargetDependency section */
		1F3491901E8786EE00B36641 /* PBXTargetDependency */ = {
			isa = PBXTargetDependency;
			target = 1F3491791E8786EE00B36641 /* CWWeChat */;
			targetProxy = 1F34918F1E8786EE00B36641 /* PBXContainerItemProxy */;
		};
		1F34919B1E8786EE00B36641 /* PBXTargetDependency */ = {
			isa = PBXTargetDependency;
			target = 1F3491791E8786EE00B36641 /* CWWeChat */;
			targetProxy = 1F34919A1E8786EE00B36641 /* PBXContainerItemProxy */;
		};
/* End PBXTargetDependency section */

/* Begin PBXVariantGroup section */
		1F3491811E8786EE00B36641 /* Main.storyboard */ = {
			isa = PBXVariantGroup;
			children = (
				1F3491821E8786EE00B36641 /* Base */,
			);
			name = Main.storyboard;
			sourceTree = "<group>";
		};
		1F3491861E8786EE00B36641 /* LaunchScreen.storyboard */ = {
			isa = PBXVariantGroup;
			children = (
				1F3491871E8786EE00B36641 /* Base */,
			);
			name = LaunchScreen.storyboard;
			sourceTree = "<group>";
		};
/* End PBXVariantGroup section */

/* Begin XCBuildConfiguration section */
		1F3491A01E8786EE00B36641 /* Debug */ = {
			isa = XCBuildConfiguration;
			buildSettings = {
				ALWAYS_SEARCH_USER_PATHS = NO;
				CLANG_ANALYZER_NONNULL = YES;
				CLANG_CXX_LANGUAGE_STANDARD = "gnu++0x";
				CLANG_CXX_LIBRARY = "libc++";
				CLANG_ENABLE_MODULES = YES;
				CLANG_ENABLE_OBJC_ARC = YES;
				CLANG_WARN_BOOL_CONVERSION = YES;
				CLANG_WARN_CONSTANT_CONVERSION = YES;
				CLANG_WARN_DIRECT_OBJC_ISA_USAGE = YES_ERROR;
				CLANG_WARN_DOCUMENTATION_COMMENTS = YES;
				CLANG_WARN_EMPTY_BODY = YES;
				CLANG_WARN_ENUM_CONVERSION = YES;
				CLANG_WARN_INFINITE_RECURSION = YES;
				CLANG_WARN_INT_CONVERSION = YES;
				CLANG_WARN_OBJC_ROOT_CLASS = YES_ERROR;
				CLANG_WARN_SUSPICIOUS_MOVE = YES;
				CLANG_WARN_UNREACHABLE_CODE = YES;
				CLANG_WARN__DUPLICATE_METHOD_MATCH = YES;
				"CODE_SIGN_IDENTITY[sdk=iphoneos*]" = "iPhone Developer";
				COPY_PHASE_STRIP = NO;
				DEBUG_INFORMATION_FORMAT = dwarf;
				ENABLE_STRICT_OBJC_MSGSEND = YES;
				ENABLE_TESTABILITY = YES;
				GCC_C_LANGUAGE_STANDARD = gnu99;
				GCC_DYNAMIC_NO_PIC = NO;
				GCC_NO_COMMON_BLOCKS = YES;
				GCC_OPTIMIZATION_LEVEL = 0;
				GCC_PREPROCESSOR_DEFINITIONS = (
					"DEBUG=1",
					"$(inherited)",
				);
				GCC_WARN_64_TO_32_BIT_CONVERSION = YES;
				GCC_WARN_ABOUT_RETURN_TYPE = YES_ERROR;
				GCC_WARN_UNDECLARED_SELECTOR = YES;
				GCC_WARN_UNINITIALIZED_AUTOS = YES_AGGRESSIVE;
				GCC_WARN_UNUSED_FUNCTION = YES;
				GCC_WARN_UNUSED_VARIABLE = YES;
				IPHONEOS_DEPLOYMENT_TARGET = 10.2;
				MTL_ENABLE_DEBUG_INFO = YES;
				ONLY_ACTIVE_ARCH = YES;
				SDKROOT = iphoneos;
				SWIFT_ACTIVE_COMPILATION_CONDITIONS = DEBUG;
				SWIFT_OPTIMIZATION_LEVEL = "-Onone";
			};
			name = Debug;
		};
		1F3491A11E8786EE00B36641 /* Release */ = {
			isa = XCBuildConfiguration;
			buildSettings = {
				ALWAYS_SEARCH_USER_PATHS = NO;
				CLANG_ANALYZER_NONNULL = YES;
				CLANG_CXX_LANGUAGE_STANDARD = "gnu++0x";
				CLANG_CXX_LIBRARY = "libc++";
				CLANG_ENABLE_MODULES = YES;
				CLANG_ENABLE_OBJC_ARC = YES;
				CLANG_WARN_BOOL_CONVERSION = YES;
				CLANG_WARN_CONSTANT_CONVERSION = YES;
				CLANG_WARN_DIRECT_OBJC_ISA_USAGE = YES_ERROR;
				CLANG_WARN_DOCUMENTATION_COMMENTS = YES;
				CLANG_WARN_EMPTY_BODY = YES;
				CLANG_WARN_ENUM_CONVERSION = YES;
				CLANG_WARN_INFINITE_RECURSION = YES;
				CLANG_WARN_INT_CONVERSION = YES;
				CLANG_WARN_OBJC_ROOT_CLASS = YES_ERROR;
				CLANG_WARN_SUSPICIOUS_MOVE = YES;
				CLANG_WARN_UNREACHABLE_CODE = YES;
				CLANG_WARN__DUPLICATE_METHOD_MATCH = YES;
				"CODE_SIGN_IDENTITY[sdk=iphoneos*]" = "iPhone Developer";
				COPY_PHASE_STRIP = NO;
				DEBUG_INFORMATION_FORMAT = "dwarf-with-dsym";
				ENABLE_NS_ASSERTIONS = NO;
				ENABLE_STRICT_OBJC_MSGSEND = YES;
				GCC_C_LANGUAGE_STANDARD = gnu99;
				GCC_NO_COMMON_BLOCKS = YES;
				GCC_WARN_64_TO_32_BIT_CONVERSION = YES;
				GCC_WARN_ABOUT_RETURN_TYPE = YES_ERROR;
				GCC_WARN_UNDECLARED_SELECTOR = YES;
				GCC_WARN_UNINITIALIZED_AUTOS = YES_AGGRESSIVE;
				GCC_WARN_UNUSED_FUNCTION = YES;
				GCC_WARN_UNUSED_VARIABLE = YES;
				IPHONEOS_DEPLOYMENT_TARGET = 10.2;
				MTL_ENABLE_DEBUG_INFO = NO;
				SDKROOT = iphoneos;
				SWIFT_OPTIMIZATION_LEVEL = "-Owholemodule";
				VALIDATE_PRODUCT = YES;
			};
			name = Release;
		};
		1F3491A31E8786EE00B36641 /* Debug */ = {
			isa = XCBuildConfiguration;
			baseConfigurationReference = CC9054EAE42E392A75546C97 /* Pods-CWWeChat.debug.xcconfig */;
			buildSettings = {
				ASSETCATALOG_COMPILER_APPICON_NAME = AppIcon;
				INFOPLIST_FILE = CWWeChat/Info.plist;
				LD_RUNPATH_SEARCH_PATHS = "$(inherited) @executable_path/Frameworks";
				PRODUCT_BUNDLE_IDENTIFIER = com.cwcoder.CWWeChat;
				PRODUCT_NAME = "$(TARGET_NAME)";
				SWIFT_VERSION = 3.0;
			};
			name = Debug;
		};
		1F3491A41E8786EE00B36641 /* Release */ = {
			isa = XCBuildConfiguration;
			baseConfigurationReference = 31E51D349FC87AA2896572C6 /* Pods-CWWeChat.release.xcconfig */;
			buildSettings = {
				ASSETCATALOG_COMPILER_APPICON_NAME = AppIcon;
				INFOPLIST_FILE = CWWeChat/Info.plist;
				LD_RUNPATH_SEARCH_PATHS = "$(inherited) @executable_path/Frameworks";
				PRODUCT_BUNDLE_IDENTIFIER = com.cwcoder.CWWeChat;
				PRODUCT_NAME = "$(TARGET_NAME)";
				SWIFT_VERSION = 3.0;
			};
			name = Release;
		};
		1F3491A61E8786EE00B36641 /* Debug */ = {
			isa = XCBuildConfiguration;
			baseConfigurationReference = 10D400760F3B03FF64C20CD7 /* Pods-CWWeChatTests.debug.xcconfig */;
			buildSettings = {
				ALWAYS_EMBED_SWIFT_STANDARD_LIBRARIES = YES;
				BUNDLE_LOADER = "$(TEST_HOST)";
				INFOPLIST_FILE = CWWeChatTests/Info.plist;
				LD_RUNPATH_SEARCH_PATHS = "$(inherited) @executable_path/Frameworks @loader_path/Frameworks";
				PRODUCT_BUNDLE_IDENTIFIER = com.cwcoder.CWWeChatTests;
				PRODUCT_NAME = "$(TARGET_NAME)";
				SWIFT_VERSION = 3.0;
				TEST_HOST = "$(BUILT_PRODUCTS_DIR)/CWWeChat.app/CWWeChat";
			};
			name = Debug;
		};
		1F3491A71E8786EE00B36641 /* Release */ = {
			isa = XCBuildConfiguration;
			baseConfigurationReference = E4A293988EBEF7146C1E79EF /* Pods-CWWeChatTests.release.xcconfig */;
			buildSettings = {
				ALWAYS_EMBED_SWIFT_STANDARD_LIBRARIES = YES;
				BUNDLE_LOADER = "$(TEST_HOST)";
				INFOPLIST_FILE = CWWeChatTests/Info.plist;
				LD_RUNPATH_SEARCH_PATHS = "$(inherited) @executable_path/Frameworks @loader_path/Frameworks";
				PRODUCT_BUNDLE_IDENTIFIER = com.cwcoder.CWWeChatTests;
				PRODUCT_NAME = "$(TARGET_NAME)";
				SWIFT_VERSION = 3.0;
				TEST_HOST = "$(BUILT_PRODUCTS_DIR)/CWWeChat.app/CWWeChat";
			};
			name = Release;
		};
		1F3491A91E8786EE00B36641 /* Debug */ = {
			isa = XCBuildConfiguration;
			baseConfigurationReference = 0ADC30857AA65FF9094308F5 /* Pods-CWWeChatUITests.debug.xcconfig */;
			buildSettings = {
				ALWAYS_EMBED_SWIFT_STANDARD_LIBRARIES = YES;
				INFOPLIST_FILE = CWWeChatUITests/Info.plist;
				LD_RUNPATH_SEARCH_PATHS = "$(inherited) @executable_path/Frameworks @loader_path/Frameworks";
				PRODUCT_BUNDLE_IDENTIFIER = com.cwcoder.CWWeChatUITests;
				PRODUCT_NAME = "$(TARGET_NAME)";
				SWIFT_VERSION = 3.0;
				TEST_TARGET_NAME = CWWeChat;
			};
			name = Debug;
		};
		1F3491AA1E8786EE00B36641 /* Release */ = {
			isa = XCBuildConfiguration;
			baseConfigurationReference = 60C33E8BDAA53BEF72AC658D /* Pods-CWWeChatUITests.release.xcconfig */;
			buildSettings = {
				ALWAYS_EMBED_SWIFT_STANDARD_LIBRARIES = YES;
				INFOPLIST_FILE = CWWeChatUITests/Info.plist;
				LD_RUNPATH_SEARCH_PATHS = "$(inherited) @executable_path/Frameworks @loader_path/Frameworks";
				PRODUCT_BUNDLE_IDENTIFIER = com.cwcoder.CWWeChatUITests;
				PRODUCT_NAME = "$(TARGET_NAME)";
				SWIFT_VERSION = 3.0;
				TEST_TARGET_NAME = CWWeChat;
			};
			name = Release;
		};
/* End XCBuildConfiguration section */

/* Begin XCConfigurationList section */
		1F3491751E8786EE00B36641 /* Build configuration list for PBXProject "CWWeChat" */ = {
			isa = XCConfigurationList;
			buildConfigurations = (
				1F3491A01E8786EE00B36641 /* Debug */,
				1F3491A11E8786EE00B36641 /* Release */,
			);
			defaultConfigurationIsVisible = 0;
			defaultConfigurationName = Release;
		};
		1F3491A21E8786EE00B36641 /* Build configuration list for PBXNativeTarget "CWWeChat" */ = {
			isa = XCConfigurationList;
			buildConfigurations = (
				1F3491A31E8786EE00B36641 /* Debug */,
				1F3491A41E8786EE00B36641 /* Release */,
			);
			defaultConfigurationIsVisible = 0;
		};
		1F3491A51E8786EE00B36641 /* Build configuration list for PBXNativeTarget "CWWeChatTests" */ = {
			isa = XCConfigurationList;
			buildConfigurations = (
				1F3491A61E8786EE00B36641 /* Debug */,
				1F3491A71E8786EE00B36641 /* Release */,
			);
			defaultConfigurationIsVisible = 0;
		};
		1F3491A81E8786EE00B36641 /* Build configuration list for PBXNativeTarget "CWWeChatUITests" */ = {
			isa = XCConfigurationList;
			buildConfigurations = (
				1F3491A91E8786EE00B36641 /* Debug */,
				1F3491AA1E8786EE00B36641 /* Release */,
			);
			defaultConfigurationIsVisible = 0;
		};
/* End XCConfigurationList section */
	};
	rootObject = 1F3491721E8786EE00B36641 /* Project object */;
}
